
Microsoft Visual Studio Solution File, Format Version 12.00
# Visual Studio Version 17
VisualStudioVersion = 17.10.34928.147
MinimumVisualStudioVersion = 10.0.40219.1
Project("{9A19103F-16F7-4668-BE54-9A1E7A4F7556}") = "MatchdayMadness2", "MatchdayMadness2.csproj", "{50404D3D-44CA-43FA-8203-F4F694E5A722}"
EndProject
Global
	GlobalSection(SolutionConfigurationPlatforms) = preSolution
		Debug|Any CPU = Debug|Any CPU
		Release|Any CPU = Release|Any CPU
	EndGlobalSection
	GlobalSection(ProjectConfigurationPlatforms) = postSolution
		{50404D3D-44CA-43FA-8203-F4F694E5A722}.Debug|Any CPU.ActiveCfg = Debug|Any CPU
		{50404D3D-44CA-43FA-8203-F4F694E5A722}.Debug|Any CPU.Build.0 = Debug|Any CPU
		{50404D3D-44CA-43FA-8203-F4F694E5A722}.Release|Any CPU.ActiveCfg = Release|Any CPU
		{50404D3D-44CA-43FA-8203-F4F694E5A722}.Release|Any CPU.Build.0 = Release|Any CPU
	EndGlobalSection
	GlobalSection(SolutionProperties) = preSolution
		HideSolutionNode = FALSE
	EndGlobalSection
	GlobalSection(ExtensibilityGlobals) = postSolution
		SolutionGuid = {BF5E5F77-69B3-4148-BF46-830854DEEB8B}
	EndGlobalSection
EndGlobal
